
Microsoft Visual Studio Solution File, Format Version 12.00
# Visual Studio Version 16
VisualStudioVersion = 16.0.30011.22
MinimumVisualStudioVersion = 10.0.40219.1
Project("{9A19103F-16F7-4668-BE54-9A1E7A4F7556}") = "Publisher", "Publisher\Publisher.csproj", "{318DB59D-F18B-4FB8-A7A0-12C3DA1A11D6}"
EndProject
Project("{9A19103F-16F7-4668-BE54-9A1E7A4F7556}") = "Subscriber", "Subscriber\Subscriber.csproj", "{CA37653E-EDE2-477C-AC85-2BF17E8A901C}"
EndProject
Global
	GlobalSection(SolutionConfigurationPlatforms) = preSolution
		Debug|Any CPU = Debug|Any CPU
		Release|Any CPU = Release|Any CPU
	EndGlobalSection
	GlobalSection(ProjectConfigurationPlatforms) = postSolution
		{318DB59D-F18B-4FB8-A7A0-12C3DA1A11D6}.Debug|Any CPU.ActiveCfg = Debug|Any CPU
		{318DB59D-F18B-4FB8-A7A0-12C3DA1A11D6}.Debug|Any CPU.Build.0 = Debug|Any CPU
		{318DB59D-F18B-4FB8-A7A0-12C3DA1A11D6}.Release|Any CPU.ActiveCfg = Release|Any CPU
		{318DB59D-F18B-4FB8-A7A0-12C3DA1A11D6}.Release|Any CPU.Build.0 = Release|Any CPU
		{CA37653E-EDE2-477C-AC85-2BF17E8A901C}.Debug|Any CPU.ActiveCfg = Debug|Any CPU
		{CA37653E-EDE2-477C-AC85-2BF17E8A901C}.Debug|Any CPU.Build.0 = Debug|Any CPU
		{CA37653E-EDE2-477C-AC85-2BF17E8A901C}.Release|Any CPU.ActiveCfg = Release|Any CPU
		{CA37653E-EDE2-477C-AC85-2BF17E8A901C}.Release|Any CPU.Build.0 = Release|Any CPU
	EndGlobalSection
	GlobalSection(SolutionProperties) = preSolution
		HideSolutionNode = FALSE
	EndGlobalSection
	GlobalSection(ExtensibilityGlobals) = postSolution
		SolutionGuid = {DEA769E9-0EBA-4BC4-A2AC-40208B414856}
	EndGlobalSection
EndGlobal
